
Microsoft Visual Studio Solution File, Format Version 12.00
# Visual Studio Version 16
VisualStudioVersion = 16.0.29613.14
MinimumVisualStudioVersion = 10.0.40219.1
Project("{FAE04EC0-301F-11D3-BF4B-00C04F79EFBC}") = "RulesEngineDemo", "RulesEngineDemo\RulesEngineDemo.csproj", "{64023572-13A4-43E7-AD54-C53A6FE7C760}"
EndProject
Global
	GlobalSection(SolutionConfigurationPlatforms) = preSolution
		Debug|Any CPU = Debug|Any CPU
		Release|Any CPU = Release|Any CPU
	EndGlobalSection
	GlobalSection(ProjectConfigurationPlatforms) = postSolution
		{64023572-13A4-43E7-AD54-C53A6FE7C760}.Debug|Any CPU.ActiveCfg = Debug|Any CPU
		{64023572-13A4-43E7-AD54-C53A6FE7C760}.Debug|Any CPU.Build.0 = Debug|Any CPU
		{64023572-13A4-43E7-AD54-C53A6FE7C760}.Release|Any CPU.ActiveCfg = Release|Any CPU
		{64023572-13A4-43E7-AD54-C53A6FE7C760}.Release|Any CPU.Build.0 = Release|Any CPU
	EndGlobalSection
	GlobalSection(SolutionProperties) = preSolution
		HideSolutionNode = FALSE
	EndGlobalSection
	GlobalSection(ExtensibilityGlobals) = postSolution
		SolutionGuid = {AE943F18-9BC4-4835-AAB9-010E8340A596}
	EndGlobalSection
EndGlobal
